
Microsoft Visual Studio Solution File, Format Version 12.00
# Visual Studio Version 17
VisualStudioVersion = 17.8.34525.116
MinimumVisualStudioVersion = 10.0.40219.1
Project("{FAE04EC0-301F-11D3-BF4B-00C04F79EFBC}") = "Comp003A Lecture Activity 5", "Comp003A Lecture Activity 5\Comp003A Lecture Activity 5.csproj", "{E7B3D6EE-F654-4080-9A78-3A5522B73934}"
EndProject
Global
	GlobalSection(SolutionConfigurationPlatforms) = preSolution
		Debug|Any CPU = Debug|Any CPU
		Release|Any CPU = Release|Any CPU
	EndGlobalSection
	GlobalSection(ProjectConfigurationPlatforms) = postSolution
		{E7B3D6EE-F654-4080-9A78-3A5522B73934}.Debug|Any CPU.ActiveCfg = Debug|Any CPU
		{E7B3D6EE-F654-4080-9A78-3A5522B73934}.Debug|Any CPU.Build.0 = Debug|Any CPU
		{E7B3D6EE-F654-4080-9A78-3A5522B73934}.Release|Any CPU.ActiveCfg = Release|Any CPU
		{E7B3D6EE-F654-4080-9A78-3A5522B73934}.Release|Any CPU.Build.0 = Release|Any CPU
	EndGlobalSection
	GlobalSection(SolutionProperties) = preSolution
		HideSolutionNode = FALSE
	EndGlobalSection
	GlobalSection(ExtensibilityGlobals) = postSolution
		SolutionGuid = {38C56AC4-B8E1-4596-8F0F-4FF200F13B86}
	EndGlobalSection
EndGlobal
